
Microsoft Visual Studio Solution File, Format Version 12.00
Project("{FAE04EC0-301F-11D3-BF4B-00C04F79EFBC}") = "ReDo.server", "ReDo.server\ReDo.server.csproj", "{D23EAC20-9F8E-4FE9-AB7A-3580CDDBDB8D}"
EndProject
Global
	GlobalSection(SolutionConfigurationPlatforms) = preSolution
		Debug|Any CPU = Debug|Any CPU
		Release|Any CPU = Release|Any CPU
	EndGlobalSection
	GlobalSection(ProjectConfigurationPlatforms) = postSolution
		{D23EAC20-9F8E-4FE9-AB7A-3580CDDBDB8D}.Debug|Any CPU.ActiveCfg = Debug|Any CPU
		{D23EAC20-9F8E-4FE9-AB7A-3580CDDBDB8D}.Debug|Any CPU.Build.0 = Debug|Any CPU
		{D23EAC20-9F8E-4FE9-AB7A-3580CDDBDB8D}.Release|Any CPU.ActiveCfg = Release|Any CPU
		{D23EAC20-9F8E-4FE9-AB7A-3580CDDBDB8D}.Release|Any CPU.Build.0 = Release|Any CPU
	EndGlobalSection
EndGlobal
